// !$*UTF8*$!
{
	archiveVersion = 1;
	classes = {
	};
	objectVersion = 56;
	objects = {

/* Begin PBXBuildFile section */
		C8484EA82ACB0053005A4F1C /* BookingDetailViewModel.swift in Sources */ = {isa = PBXBuildFile; fileRef = C8484EA72ACB0053005A4F1C /* BookingDetailViewModel.swift */; };
		C8484EAA2ACB053C005A4F1C /* BookingCell.swift in Sources */ = {isa = PBXBuildFile; fileRef = C8484EA92ACB053C005A4F1C /* BookingCell.swift */; };
		C867E5302AC9F985007C68FF /* AddDetailsHotelView.swift in Sources */ = {isa = PBXBuildFile; fileRef = C867E52F2AC9F985007C68FF /* AddDetailsHotelView.swift */; };
		C867E5412AC9F9AD007C68FF /* AddTouristButtonView.swift in Sources */ = {isa = PBXBuildFile; fileRef = C867E5332AC9F9AD007C68FF /* AddTouristButtonView.swift */; };
		C867E5422AC9F9AD007C68FF /* ButtonView.swift in Sources */ = {isa = PBXBuildFile; fileRef = C867E5342AC9F9AD007C68FF /* ButtonView.swift */; };
		C867E5432AC9F9AD007C68FF /* Coordinator.swift in Sources */ = {isa = PBXBuildFile; fileRef = C867E5352AC9F9AD007C68FF /* Coordinator.swift */; };
		C867E5442AC9F9AD007C68FF /* DetailCell.swift in Sources */ = {isa = PBXBuildFile; fileRef = C867E5362AC9F9AD007C68FF /* DetailCell.swift */; };
		C867E5452AC9F9AD007C68FF /* Booking.swift in Sources */ = {isa = PBXBuildFile; fileRef = C867E5372AC9F9AD007C68FF /* Booking.swift */; };
		C867E5462AC9F9AD007C68FF /* ClientManager.swift in Sources */ = {isa = PBXBuildFile; fileRef = C867E5382AC9F9AD007C68FF /* ClientManager.swift */; };
		C867E5472AC9F9AD007C68FF /* BookingDetailsView.swift in Sources */ = {isa = PBXBuildFile; fileRef = C867E5392AC9F9AD007C68FF /* BookingDetailsView.swift */; };
		C867E5492AC9F9AD007C68FF /* Assets.xcassets in Resources */ = {isa = PBXBuildFile; fileRef = C867E53C2AC9F9AD007C68FF /* Assets.xcassets */; };
		C867E54A2AC9F9AD007C68FF /* ClientView.swift in Sources */ = {isa = PBXBuildFile; fileRef = C867E53D2AC9F9AD007C68FF /* ClientView.swift */; };
		C867E54B2AC9F9AD007C68FF /* Client.swift in Sources */ = {isa = PBXBuildFile; fileRef = C867E53E2AC9F9AD007C68FF /* Client.swift */; };
		C867E54C2AC9F9AD007C68FF /* DescriptionTagView.swift in Sources */ = {isa = PBXBuildFile; fileRef = C867E53F2AC9F9AD007C68FF /* DescriptionTagView.swift */; };
		C867E56E2AC9F9FD007C68FF /* FacilitiesTableView.swift in Sources */ = {isa = PBXBuildFile; fileRef = C867E54E2AC9F9FC007C68FF /* FacilitiesTableView.swift */; };
		C867E5702AC9F9FD007C68FF /* Preview Assets.xcassets in Resources */ = {isa = PBXBuildFile; fileRef = C867E5502AC9F9FC007C68FF /* Preview Assets.xcassets */; };
		C867E5712AC9F9FD007C68FF /* Hotel.swift in Sources */ = {isa = PBXBuildFile; fileRef = C867E5532AC9F9FC007C68FF /* Hotel.swift */; };
		C867E5722AC9F9FD007C68FF /* RoomViewModel.swift in Sources */ = {isa = PBXBuildFile; fileRef = C867E5542AC9F9FC007C68FF /* RoomViewModel.swift */; };
		C867E5732AC9F9FD007C68FF /* HotelCellView.swift in Sources */ = {isa = PBXBuildFile; fileRef = C867E5552AC9F9FC007C68FF /* HotelCellView.swift */; };
		C867E5742AC9F9FD007C68FF /* PriceView.swift in Sources */ = {isa = PBXBuildFile; fileRef = C867E5572AC9F9FC007C68FF /* PriceView.swift */; };
		C867E5752AC9F9FD007C68FF /* HotelListViewModel.swift in Sources */ = {isa = PBXBuildFile; fileRef = C867E5592AC9F9FD007C68FF /* HotelListViewModel.swift */; };
		C867E5762AC9F9FD007C68FF /* RatingView.swift in Sources */ = {isa = PBXBuildFile; fileRef = C867E55B2AC9F9FD007C68FF /* RatingView.swift */; };
		C867E5772AC9F9FD007C68FF /* HotelListView.swift in Sources */ = {isa = PBXBuildFile; fileRef = C867E55C2AC9F9FD007C68FF /* HotelListView.swift */; };
		C867E5782AC9F9FD007C68FF /* NameAndAddressView.swift in Sources */ = {isa = PBXBuildFile; fileRef = C867E55D2AC9F9FD007C68FF /* NameAndAddressView.swift */; };
		C867E57A2AC9F9FD007C68FF /* Room.swift in Sources */ = {isa = PBXBuildFile; fileRef = C867E5602AC9F9FD007C68FF /* Room.swift */; };
		C867E57B2AC9F9FD007C68FF /* NetworkManager.swift in Sources */ = {isa = PBXBuildFile; fileRef = C867E5612AC9F9FD007C68FF /* NetworkManager.swift */; };
		C867E57C2AC9F9FD007C68FF /* PayBlock.swift in Sources */ = {isa = PBXBuildFile; fileRef = C867E5622AC9F9FD007C68FF /* PayBlock.swift */; };
		C867E57D2AC9F9FD007C68FF /* OrderScreenView.swift in Sources */ = {isa = PBXBuildFile; fileRef = C867E5642AC9F9FD007C68FF /* OrderScreenView.swift */; };
		C867E57E2AC9F9FD007C68FF /* RoomView.swift in Sources */ = {isa = PBXBuildFile; fileRef = C867E5652AC9F9FD007C68FF /* RoomView.swift */; };
		C867E5812AC9F9FD007C68FF /* HotelGalleryView.swift in Sources */ = {isa = PBXBuildFile; fileRef = C867E5682AC9F9FD007C68FF /* HotelGalleryView.swift */; };
		C867E5822AC9F9FD007C68FF /* TagView.swift in Sources */ = {isa = PBXBuildFile; fileRef = C867E56A2AC9F9FD007C68FF /* TagView.swift */; };
		C867E58B2AC9FC9E007C68FF /* ContentView.swift in Sources */ = {isa = PBXBuildFile; fileRef = C867E58A2AC9FC9E007C68FF /* ContentView.swift */; };
		C867E58F2AC9FDD9007C68FF /* RoomCellView.swift in Sources */ = {isa = PBXBuildFile; fileRef = C867E58E2AC9FDD9007C68FF /* RoomCellView.swift */; };
		C867E5912AC9FE1C007C68FF /* TouristView.swift in Sources */ = {isa = PBXBuildFile; fileRef = C867E5902AC9FE1C007C68FF /* TouristView.swift */; };
		C867E5932AC9FE36007C68FF /* BookingView.swift in Sources */ = {isa = PBXBuildFile; fileRef = C867E5922AC9FE36007C68FF /* BookingView.swift */; };
		C867E5972ACA010E007C68FF /* HotelsApp.swift in Sources */ = {isa = PBXBuildFile; fileRef = C867E5962ACA010E007C68FF /* HotelsApp.swift */; };
		C8CF1A4D2ACA1AB7008AB241 /* CustTextStyle.swift in Sources */ = {isa = PBXBuildFile; fileRef = C8CF1A4C2ACA1AB7008AB241 /* CustTextStyle.swift */; };
		C8CF1A502ACA1CC8008AB241 /* CustTFStyle.swift in Sources */ = {isa = PBXBuildFile; fileRef = C8CF1A4F2ACA1CC8008AB241 /* CustTFStyle.swift */; };
		C8CF1A522ACA46FF008AB241 /* RoomGalleryView.swift in Sources */ = {isa = PBXBuildFile; fileRef = C8CF1A512ACA46FF008AB241 /* RoomGalleryView.swift */; };
/* End PBXBuildFile section */

/* Begin PBXFileReference section */
		C83F7EC62AB0EA31001B14FE /* Hotels.app */ = {isa = PBXFileReference; explicitFileType = wrapper.application; includeInIndex = 0; path = Hotels.app; sourceTree = BUILT_PRODUCTS_DIR; };
		C8484EA72ACB0053005A4F1C /* BookingDetailViewModel.swift */ = {isa = PBXFileReference; lastKnownFileType = sourcecode.swift; path = BookingDetailViewModel.swift; sourceTree = "<group>"; };
		C8484EA92ACB053C005A4F1C /* BookingCell.swift */ = {isa = PBXFileReference; lastKnownFileType = sourcecode.swift; path = BookingCell.swift; sourceTree = "<group>"; };
		C867E52F2AC9F985007C68FF /* AddDetailsHotelView.swift */ = {isa = PBXFileReference; fileEncoding = 4; lastKnownFileType = sourcecode.swift; name = AddDetailsHotelView.swift; path = Hotels/Views/Components/AddDetailsHotelView.swift; sourceTree = SOURCE_ROOT; };
		C867E5332AC9F9AD007C68FF /* AddTouristButtonView.swift */ = {isa = PBXFileReference; fileEncoding = 4; lastKnownFileType = sourcecode.swift; path = AddTouristButtonView.swift; sourceTree = "<group>"; };
		C867E5342AC9F9AD007C68FF /* ButtonView.swift */ = {isa = PBXFileReference; fileEncoding = 4; lastKnownFileType = sourcecode.swift; path = ButtonView.swift; sourceTree = "<group>"; };
		C867E5352AC9F9AD007C68FF /* Coordinator.swift */ = {isa = PBXFileReference; fileEncoding = 4; lastKnownFileType = sourcecode.swift; path = Coordinator.swift; sourceTree = "<group>"; };
		C867E5362AC9F9AD007C68FF /* DetailCell.swift */ = {isa = PBXFileReference; fileEncoding = 4; lastKnownFileType = sourcecode.swift; path = DetailCell.swift; sourceTree = "<group>"; };
		C867E5372AC9F9AD007C68FF /* Booking.swift */ = {isa = PBXFileReference; fileEncoding = 4; lastKnownFileType = sourcecode.swift; name = Booking.swift; path = ../Modificators/Booking.swift; sourceTree = "<group>"; };
		C867E5382AC9F9AD007C68FF /* ClientManager.swift */ = {isa = PBXFileReference; fileEncoding = 4; lastKnownFileType = sourcecode.swift; path = ClientManager.swift; sourceTree = "<group>"; };
		C867E5392AC9F9AD007C68FF /* BookingDetailsView.swift */ = {isa = PBXFileReference; fileEncoding = 4; lastKnownFileType = sourcecode.swift; path = BookingDetailsView.swift; sourceTree = "<group>"; };
		C867E53C2AC9F9AD007C68FF /* Assets.xcassets */ = {isa = PBXFileReference; lastKnownFileType = folder.assetcatalog; path = Assets.xcassets; sourceTree = "<group>"; };
		C867E53D2AC9F9AD007C68FF /* ClientView.swift */ = {isa = PBXFileReference; fileEncoding = 4; lastKnownFileType = sourcecode.swift; path = ClientView.swift; sourceTree = "<group>"; };
		C867E53E2AC9F9AD007C68FF /* Client.swift */ = {isa = PBXFileReference; fileEncoding = 4; lastKnownFileType = sourcecode.swift; path = Client.swift; sourceTree = "<group>"; };
		C867E53F2AC9F9AD007C68FF /* DescriptionTagView.swift */ = {isa = PBXFileReference; fileEncoding = 4; lastKnownFileType = sourcecode.swift; path = DescriptionTagView.swift; sourceTree = "<group>"; };
		C867E54E2AC9F9FC007C68FF /* FacilitiesTableView.swift */ = {isa = PBXFileReference; fileEncoding = 4; lastKnownFileType = sourcecode.swift; path = FacilitiesTableView.swift; sourceTree = "<group>"; };
		C867E5502AC9F9FC007C68FF /* Preview Assets.xcassets */ = {isa = PBXFileReference; lastKnownFileType = folder.assetcatalog; path = "Preview Assets.xcassets"; sourceTree = "<group>"; };
		C867E5532AC9F9FC007C68FF /* Hotel.swift */ = {isa = PBXFileReference; fileEncoding = 4; lastKnownFileType = sourcecode.swift; path = Hotel.swift; sourceTree = "<group>"; };
		C867E5542AC9F9FC007C68FF /* RoomViewModel.swift */ = {isa = PBXFileReference; fileEncoding = 4; lastKnownFileType = sourcecode.swift; path = RoomViewModel.swift; sourceTree = "<group>"; };
		C867E5552AC9F9FC007C68FF /* HotelCellView.swift */ = {isa = PBXFileReference; fileEncoding = 4; lastKnownFileType = sourcecode.swift; path = HotelCellView.swift; sourceTree = "<group>"; };
		C867E5572AC9F9FC007C68FF /* PriceView.swift */ = {isa = PBXFileReference; fileEncoding = 4; lastKnownFileType = sourcecode.swift; path = PriceView.swift; sourceTree = "<group>"; };
		C867E5592AC9F9FD007C68FF /* HotelListViewModel.swift */ = {isa = PBXFileReference; fileEncoding = 4; lastKnownFileType = sourcecode.swift; path = HotelListViewModel.swift; sourceTree = "<group>"; };
		C867E55B2AC9F9FD007C68FF /* RatingView.swift */ = {isa = PBXFileReference; fileEncoding = 4; lastKnownFileType = sourcecode.swift; path = RatingView.swift; sourceTree = "<group>"; };
		C867E55C2AC9F9FD007C68FF /* HotelListView.swift */ = {isa = PBXFileReference; fileEncoding = 4; lastKnownFileType = sourcecode.swift; path = HotelListView.swift; sourceTree = "<group>"; };
		C867E55D2AC9F9FD007C68FF /* NameAndAddressView.swift */ = {isa = PBXFileReference; fileEncoding = 4; lastKnownFileType = sourcecode.swift; path = NameAndAddressView.swift; sourceTree = "<group>"; };
		C867E5602AC9F9FD007C68FF /* Room.swift */ = {isa = PBXFileReference; fileEncoding = 4; lastKnownFileType = sourcecode.swift; path = Room.swift; sourceTree = "<group>"; };
		C867E5612AC9F9FD007C68FF /* NetworkManager.swift */ = {isa = PBXFileReference; fileEncoding = 4; lastKnownFileType = sourcecode.swift; path = NetworkManager.swift; sourceTree = "<group>"; };
		C867E5622AC9F9FD007C68FF /* PayBlock.swift */ = {isa = PBXFileReference; fileEncoding = 4; lastKnownFileType = sourcecode.swift; path = PayBlock.swift; sourceTree = "<group>"; };
		C867E5642AC9F9FD007C68FF /* OrderScreenView.swift */ = {isa = PBXFileReference; fileEncoding = 4; lastKnownFileType = sourcecode.swift; path = OrderScreenView.swift; sourceTree = "<group>"; };
		C867E5652AC9F9FD007C68FF /* RoomView.swift */ = {isa = PBXFileReference; fileEncoding = 4; lastKnownFileType = sourcecode.swift; path = RoomView.swift; sourceTree = "<group>"; };
		C867E5682AC9F9FD007C68FF /* HotelGalleryView.swift */ = {isa = PBXFileReference; fileEncoding = 4; lastKnownFileType = sourcecode.swift; path = HotelGalleryView.swift; sourceTree = "<group>"; };
		C867E56A2AC9F9FD007C68FF /* TagView.swift */ = {isa = PBXFileReference; fileEncoding = 4; lastKnownFileType = sourcecode.swift; path = TagView.swift; sourceTree = "<group>"; };
		C867E58A2AC9FC9E007C68FF /* ContentView.swift */ = {isa = PBXFileReference; fileEncoding = 4; lastKnownFileType = sourcecode.swift; path = ContentView.swift; sourceTree = "<group>"; };
		C867E58E2AC9FDD9007C68FF /* RoomCellView.swift */ = {isa = PBXFileReference; fileEncoding = 4; lastKnownFileType = sourcecode.swift; path = RoomCellView.swift; sourceTree = "<group>"; };
		C867E5902AC9FE1C007C68FF /* TouristView.swift */ = {isa = PBXFileReference; fileEncoding = 4; lastKnownFileType = sourcecode.swift; path = TouristView.swift; sourceTree = "<group>"; };
		C867E5922AC9FE36007C68FF /* BookingView.swift */ = {isa = PBXFileReference; fileEncoding = 4; lastKnownFileType = sourcecode.swift; path = BookingView.swift; sourceTree = "<group>"; };
		C867E5962ACA010E007C68FF /* HotelsApp.swift */ = {isa = PBXFileReference; fileEncoding = 4; lastKnownFileType = sourcecode.swift; path = HotelsApp.swift; sourceTree = "<group>"; };
		C867E59A2ACA1985007C68FF /* Info.plist */ = {isa = PBXFileReference; lastKnownFileType = text.plist; path = Info.plist; sourceTree = SOURCE_ROOT; };
		C8CF1A4C2ACA1AB7008AB241 /* CustTextStyle.swift */ = {isa = PBXFileReference; lastKnownFileType = sourcecode.swift; path = CustTextStyle.swift; sourceTree = "<group>"; };
		C8CF1A4F2ACA1CC8008AB241 /* CustTFStyle.swift */ = {isa = PBXFileReference; lastKnownFileType = sourcecode.swift; path = CustTFStyle.swift; sourceTree = "<group>"; };
		C8CF1A512ACA46FF008AB241 /* RoomGalleryView.swift */ = {isa = PBXFileReference; lastKnownFileType = sourcecode.swift; path = RoomGalleryView.swift; sourceTree = "<group>"; };
/* End PBXFileReference section */

/* Begin PBXFrameworksBuildPhase section */
		C83F7EC32AB0EA31001B14FE /* Frameworks */ = {
			isa = PBXFrameworksBuildPhase;
			buildActionMask = 2147483647;
			files = (
			);
			runOnlyForDeploymentPostprocessing = 0;
		};
/* End PBXFrameworksBuildPhase section */

/* Begin PBXGroup section */
		C83F7EBD2AB0EA31001B14FE = {
			isa = PBXGroup;
			children = (
				C83F7EC82AB0EA31001B14FE /* Hotels */,
				C83F7EC72AB0EA31001B14FE /* Products */,
			);
			sourceTree = "<group>";
		};
		C83F7EC72AB0EA31001B14FE /* Products */ = {
			isa = PBXGroup;
			children = (
				C83F7EC62AB0EA31001B14FE /* Hotels.app */,
			);
			name = Products;
			sourceTree = "<group>";
		};
		C83F7EC82AB0EA31001B14FE /* Hotels */ = {
			isa = PBXGroup;
			children = (
				C867E5962ACA010E007C68FF /* HotelsApp.swift */,
				C867E58A2AC9FC9E007C68FF /* ContentView.swift */,
				C867E5522AC9F9FC007C68FF /* Models */,
				C867E5512AC9F9FC007C68FF /* Services */,
				C867E55A2AC9F9FD007C68FF /* Views */,
				C867E5582AC9F9FC007C68FF /* Preview Content */,
				C867E53C2AC9F9AD007C68FF /* Assets.xcassets */,
				C867E59A2ACA1985007C68FF /* Info.plist */,
				C8CF1A4E2ACA1B8E008AB241 /* Modification */,
			);
			path = Hotels;
			sourceTree = "<group>";
		};
		C867E5322AC9F9AD007C68FF /* BookingDetails */ = {
			isa = PBXGroup;
			children = (
				C8484EA92ACB053C005A4F1C /* BookingCell.swift */,
				C867E5922AC9FE36007C68FF /* BookingView.swift */,
				C8484EA72ACB0053005A4F1C /* BookingDetailViewModel.swift */,
				C867E5362AC9F9AD007C68FF /* DetailCell.swift */,
				C867E5902AC9FE1C007C68FF /* TouristView.swift */,
				C867E5622AC9F9FD007C68FF /* PayBlock.swift */,
				C867E53D2AC9F9AD007C68FF /* ClientView.swift */,
				C867E5332AC9F9AD007C68FF /* AddTouristButtonView.swift */,
				C867E5392AC9F9AD007C68FF /* BookingDetailsView.swift */,
			);
			path = BookingDetails;
			sourceTree = "<group>";
		};
		C867E53B2AC9F9AD007C68FF /* Components */ = {
			isa = PBXGroup;
			children = (
				C867E56A2AC9F9FD007C68FF /* TagView.swift */,
				C867E52F2AC9F985007C68FF /* AddDetailsHotelView.swift */,
				C867E5342AC9F9AD007C68FF /* ButtonView.swift */,
				C867E55D2AC9F9FD007C68FF /* NameAndAddressView.swift */,
				C867E55B2AC9F9FD007C68FF /* RatingView.swift */,
				C867E53F2AC9F9AD007C68FF /* DescriptionTagView.swift */,
				C867E5572AC9F9FC007C68FF /* PriceView.swift */,
			);
			path = Components;
			sourceTree = "<group>";
		};
		C867E5512AC9F9FC007C68FF /* Services */ = {
			isa = PBXGroup;
			children = (
				C867E5352AC9F9AD007C68FF /* Coordinator.swift */,
				C867E5612AC9F9FD007C68FF /* NetworkManager.swift */,
				C867E5382AC9F9AD007C68FF /* ClientManager.swift */,
			);
			path = Services;
			sourceTree = "<group>";
		};
		C867E5522AC9F9FC007C68FF /* Models */ = {
			isa = PBXGroup;
			children = (
				C867E5532AC9F9FC007C68FF /* Hotel.swift */,
				C867E5602AC9F9FD007C68FF /* Room.swift */,
				C867E5372AC9F9AD007C68FF /* Booking.swift */,
				C867E53E2AC9F9AD007C68FF /* Client.swift */,
			);
			path = Models;
			sourceTree = "<group>";
		};
		C867E5582AC9F9FC007C68FF /* Preview Content */ = {
			isa = PBXGroup;
			children = (
				C867E5502AC9F9FC007C68FF /* Preview Assets.xcassets */,
			);
			path = "Preview Content";
			sourceTree = "<group>";
		};
		C867E55A2AC9F9FD007C68FF /* Views */ = {
			isa = PBXGroup;
			children = (
				C867E5692AC9F9FD007C68FF /* RoomList */,
				C867E5632AC9F9FD007C68FF /* HotelList */,
				C867E5322AC9F9AD007C68FF /* BookingDetails */,
				C867E55E2AC9F9FD007C68FF /* Order */,
				C867E53B2AC9F9AD007C68FF /* Components */,
			);
			path = Views;
			sourceTree = "<group>";
		};
		C867E55E2AC9F9FD007C68FF /* Order */ = {
			isa = PBXGroup;
			children = (
				C867E5642AC9F9FD007C68FF /* OrderScreenView.swift */,
			);
			path = Order;
			sourceTree = "<group>";
		};
		C867E5632AC9F9FD007C68FF /* HotelList */ = {
			isa = PBXGroup;
			children = (
				C867E55C2AC9F9FD007C68FF /* HotelListView.swift */,
				C867E5592AC9F9FD007C68FF /* HotelListViewModel.swift */,
				C867E5552AC9F9FC007C68FF /* HotelCellView.swift */,
				C867E5682AC9F9FD007C68FF /* HotelGalleryView.swift */,
				C867E54E2AC9F9FC007C68FF /* FacilitiesTableView.swift */,
			);
			path = HotelList;
			sourceTree = "<group>";
		};
		C867E5692AC9F9FD007C68FF /* RoomList */ = {
			isa = PBXGroup;
			children = (
				C867E5542AC9F9FC007C68FF /* RoomViewModel.swift */,
				C867E58E2AC9FDD9007C68FF /* RoomCellView.swift */,
				C867E5652AC9F9FD007C68FF /* RoomView.swift */,
				C8CF1A512ACA46FF008AB241 /* RoomGalleryView.swift */,
			);
			path = RoomList;
			sourceTree = "<group>";
		};
		C8CF1A4E2ACA1B8E008AB241 /* Modification */ = {
			isa = PBXGroup;
			children = (
				C8CF1A4C2ACA1AB7008AB241 /* CustTextStyle.swift */,
				C8CF1A4F2ACA1CC8008AB241 /* CustTFStyle.swift */,
			);
			path = Modification;
			sourceTree = "<group>";
		};
/* End PBXGroup section */

/* Begin PBXNativeTarget section */
		C83F7EC52AB0EA31001B14FE /* Hotels */ = {
			isa = PBXNativeTarget;
			buildConfigurationList = C83F7ED42AB0EA33001B14FE /* Build configuration list for PBXNativeTarget "Hotels" */;
			buildPhases = (
				C83F7EC22AB0EA31001B14FE /* Sources */,
				C83F7EC32AB0EA31001B14FE /* Frameworks */,
				C83F7EC42AB0EA31001B14FE /* Resources */,
			);
			buildRules = (
			);
			dependencies = (
			);
			name = Hotels;
			productName = Hotels;
			productReference = C83F7EC62AB0EA31001B14FE /* Hotels.app */;
			productType = "com.apple.product-type.application";
		};
/* End PBXNativeTarget section */

/* Begin PBXProject section */
		C83F7EBE2AB0EA31001B14FE /* Project object */ = {
			isa = PBXProject;
			attributes = {
				BuildIndependentTargetsInParallel = 1;
				LastSwiftUpdateCheck = 1420;
				LastUpgradeCheck = 1420;
				TargetAttributes = {
					C83F7EC52AB0EA31001B14FE = {
						CreatedOnToolsVersion = 14.2;
					};
				};
			};
			buildConfigurationList = C83F7EC12AB0EA31001B14FE /* Build configuration list for PBXProject "Hotels" */;
			compatibilityVersion = "Xcode 14.0";
			developmentRegion = en;
			hasScannedForEncodings = 0;
			knownRegions = (
				en,
				Base,
			);
			mainGroup = C83F7EBD2AB0EA31001B14FE;
			productRefGroup = C83F7EC72AB0EA31001B14FE /* Products */;
			projectDirPath = "";
			projectRoot = "";
			targets = (
				C83F7EC52AB0EA31001B14FE /* Hotels */,
			);
		};
/* End PBXProject section */

/* Begin PBXResourcesBuildPhase section */
		C83F7EC42AB0EA31001B14FE /* Resources */ = {
			isa = PBXResourcesBuildPhase;
			buildActionMask = 2147483647;
			files = (
				C867E5492AC9F9AD007C68FF /* Assets.xcassets in Resources */,
				C867E5702AC9F9FD007C68FF /* Preview Assets.xcassets in Resources */,
			);
			runOnlyForDeploymentPostprocessing = 0;
		};
/* End PBXResourcesBuildPhase section */

/* Begin PBXSourcesBuildPhase section */
		C83F7EC22AB0EA31001B14FE /* Sources */ = {
			isa = PBXSourcesBuildPhase;
			buildActionMask = 2147483647;
			files = (
				C867E58B2AC9FC9E007C68FF /* ContentView.swift in Sources */,
				C8CF1A502ACA1CC8008AB241 /* CustTFStyle.swift in Sources */,
				C867E5462AC9F9AD007C68FF /* ClientManager.swift in Sources */,
				C867E56E2AC9F9FD007C68FF /* FacilitiesTableView.swift in Sources */,
				C867E5432AC9F9AD007C68FF /* Coordinator.swift in Sources */,
				C867E5812AC9F9FD007C68FF /* HotelGalleryView.swift in Sources */,
				C867E5722AC9F9FD007C68FF /* RoomViewModel.swift in Sources */,
				C8484EA82ACB0053005A4F1C /* BookingDetailViewModel.swift in Sources */,
				C867E57C2AC9F9FD007C68FF /* PayBlock.swift in Sources */,
				C867E54B2AC9F9AD007C68FF /* Client.swift in Sources */,
				C867E54C2AC9F9AD007C68FF /* DescriptionTagView.swift in Sources */,
				C867E5912AC9FE1C007C68FF /* TouristView.swift in Sources */,
				C867E5742AC9F9FD007C68FF /* PriceView.swift in Sources */,
				C867E5752AC9F9FD007C68FF /* HotelListViewModel.swift in Sources */,
				C867E5712AC9F9FD007C68FF /* Hotel.swift in Sources */,
				C867E58F2AC9FDD9007C68FF /* RoomCellView.swift in Sources */,
				C867E5772AC9F9FD007C68FF /* HotelListView.swift in Sources */,
				C867E5932AC9FE36007C68FF /* BookingView.swift in Sources */,
				C867E5422AC9F9AD007C68FF /* ButtonView.swift in Sources */,
				C867E5472AC9F9AD007C68FF /* BookingDetailsView.swift in Sources */,
				C867E5452AC9F9AD007C68FF /* Booking.swift in Sources */,
				C867E5822AC9F9FD007C68FF /* TagView.swift in Sources */,
				C867E5762AC9F9FD007C68FF /* RatingView.swift in Sources */,
				C867E54A2AC9F9AD007C68FF /* ClientView.swift in Sources */,
				C8CF1A4D2ACA1AB7008AB241 /* CustTextStyle.swift in Sources */,
				C867E57D2AC9F9FD007C68FF /* OrderScreenView.swift in Sources */,
				C867E5782AC9F9FD007C68FF /* NameAndAddressView.swift in Sources */,
				C867E5302AC9F985007C68FF /* AddDetailsHotelView.swift in Sources */,
				C867E5972ACA010E007C68FF /* HotelsApp.swift in Sources */,
				C867E57E2AC9F9FD007C68FF /* RoomView.swift in Sources */,
				C867E5732AC9F9FD007C68FF /* HotelCellView.swift in Sources */,
				C867E57A2AC9F9FD007C68FF /* Room.swift in Sources */,
				C8CF1A522ACA46FF008AB241 /* RoomGalleryView.swift in Sources */,
				C867E5442AC9F9AD007C68FF /* DetailCell.swift in Sources */,
				C867E5412AC9F9AD007C68FF /* AddTouristButtonView.swift in Sources */,
				C867E57B2AC9F9FD007C68FF /* NetworkManager.swift in Sources */,
				C8484EAA2ACB053C005A4F1C /* BookingCell.swift in Sources */,
			);
			runOnlyForDeploymentPostprocessing = 0;
		};
/* End PBXSourcesBuildPhase section */

/* Begin XCBuildConfiguration section */
		C83F7ED22AB0EA33001B14FE /* Debug */ = {
			isa = XCBuildConfiguration;
			buildSettings = {
				ALWAYS_SEARCH_USER_PATHS = NO;
				CLANG_ANALYZER_NONNULL = YES;
				CLANG_ANALYZER_NUMBER_OBJECT_CONVERSION = YES_AGGRESSIVE;
				CLANG_CXX_LANGUAGE_STANDARD = "gnu++20";
				CLANG_ENABLE_MODULES = YES;
				CLANG_ENABLE_OBJC_ARC = YES;
				CLANG_ENABLE_OBJC_WEAK = YES;
				CLANG_WARN_BLOCK_CAPTURE_AUTORELEASING = YES;
				CLANG_WARN_BOOL_CONVERSION = YES;
				CLANG_WARN_COMMA = YES;
				CLANG_WARN_CONSTANT_CONVERSION = YES;
				CLANG_WARN_DEPRECATED_OBJC_IMPLEMENTATIONS = YES;
				CLANG_WARN_DIRECT_OBJC_ISA_USAGE = YES_ERROR;
				CLANG_WARN_DOCUMENTATION_COMMENTS = YES;
				CLANG_WARN_EMPTY_BODY = YES;
				CLANG_WARN_ENUM_CONVERSION = YES;
				CLANG_WARN_INFINITE_RECURSION = YES;
				CLANG_WARN_INT_CONVERSION = YES;
				CLANG_WARN_NON_LITERAL_NULL_CONVERSION = YES;
				CLANG_WARN_OBJC_IMPLICIT_RETAIN_SELF = YES;
				CLANG_WARN_OBJC_LITERAL_CONVERSION = YES;
				CLANG_WARN_OBJC_ROOT_CLASS = YES_ERROR;
				CLANG_WARN_QUOTED_INCLUDE_IN_FRAMEWORK_HEADER = YES;
				CLANG_WARN_RANGE_LOOP_ANALYSIS = YES;
				CLANG_WARN_STRICT_PROTOTYPES = YES;
				CLANG_WARN_SUSPICIOUS_MOVE = YES;
				CLANG_WARN_UNGUARDED_AVAILABILITY = YES_AGGRESSIVE;
				CLANG_WARN_UNREACHABLE_CODE = YES;
				CLANG_WARN__DUPLICATE_METHOD_MATCH = YES;
				COPY_PHASE_STRIP = NO;
				DEBUG_INFORMATION_FORMAT = dwarf;
				ENABLE_STRICT_OBJC_MSGSEND = YES;
				ENABLE_TESTABILITY = YES;
				GCC_C_LANGUAGE_STANDARD = gnu11;
				GCC_DYNAMIC_NO_PIC = NO;
				GCC_NO_COMMON_BLOCKS = YES;
				GCC_OPTIMIZATION_LEVEL = 0;
				GCC_PREPROCESSOR_DEFINITIONS = (
					"DEBUG=1",
					"$(inherited)",
				);
				GCC_WARN_64_TO_32_BIT_CONVERSION = YES;
				GCC_WARN_ABOUT_RETURN_TYPE = YES_ERROR;
				GCC_WARN_UNDECLARED_SELECTOR = YES;
				GCC_WARN_UNINITIALIZED_AUTOS = YES_AGGRESSIVE;
				GCC_WARN_UNUSED_FUNCTION = YES;
				GCC_WARN_UNUSED_VARIABLE = YES;
				IPHONEOS_DEPLOYMENT_TARGET = 16.2;
				MTL_ENABLE_DEBUG_INFO = INCLUDE_SOURCE;
				MTL_FAST_MATH = YES;
				ONLY_ACTIVE_ARCH = YES;
				SDKROOT = iphoneos;
				SWIFT_ACTIVE_COMPILATION_CONDITIONS = DEBUG;
				SWIFT_OPTIMIZATION_LEVEL = "-Onone";
			};
			name = Debug;
		};
		C83F7ED32AB0EA33001B14FE /* Release */ = {
			isa = XCBuildConfiguration;
			buildSettings = {
				ALWAYS_SEARCH_USER_PATHS = NO;
				CLANG_ANALYZER_NONNULL = YES;
				CLANG_ANALYZER_NUMBER_OBJECT_CONVERSION = YES_AGGRESSIVE;
				CLANG_CXX_LANGUAGE_STANDARD = "gnu++20";
				CLANG_ENABLE_MODULES = YES;
				CLANG_ENABLE_OBJC_ARC = YES;
				CLANG_ENABLE_OBJC_WEAK = YES;
				CLANG_WARN_BLOCK_CAPTURE_AUTORELEASING = YES;
				CLANG_WARN_BOOL_CONVERSION = YES;
				CLANG_WARN_COMMA = YES;
				CLANG_WARN_CONSTANT_CONVERSION = YES;
				CLANG_WARN_DEPRECATED_OBJC_IMPLEMENTATIONS = YES;
				CLANG_WARN_DIRECT_OBJC_ISA_USAGE = YES_ERROR;
				CLANG_WARN_DOCUMENTATION_COMMENTS = YES;
				CLANG_WARN_EMPTY_BODY = YES;
				CLANG_WARN_ENUM_CONVERSION = YES;
				CLANG_WARN_INFINITE_RECURSION = YES;
				CLANG_WARN_INT_CONVERSION = YES;
				CLANG_WARN_NON_LITERAL_NULL_CONVERSION = YES;
				CLANG_WARN_OBJC_IMPLICIT_RETAIN_SELF = YES;
				CLANG_WARN_OBJC_LITERAL_CONVERSION = YES;
				CLANG_WARN_OBJC_ROOT_CLASS = YES_ERROR;
				CLANG_WARN_QUOTED_INCLUDE_IN_FRAMEWORK_HEADER = YES;
				CLANG_WARN_RANGE_LOOP_ANALYSIS = YES;
				CLANG_WARN_STRICT_PROTOTYPES = YES;
				CLANG_WARN_SUSPICIOUS_MOVE = YES;
				CLANG_WARN_UNGUARDED_AVAILABILITY = YES_AGGRESSIVE;
				CLANG_WARN_UNREACHABLE_CODE = YES;
				CLANG_WARN__DUPLICATE_METHOD_MATCH = YES;
				COPY_PHASE_STRIP = NO;
				DEBUG_INFORMATION_FORMAT = "dwarf-with-dsym";
				ENABLE_NS_ASSERTIONS = NO;
				ENABLE_STRICT_OBJC_MSGSEND = YES;
				GCC_C_LANGUAGE_STANDARD = gnu11;
				GCC_NO_COMMON_BLOCKS = YES;
				GCC_WARN_64_TO_32_BIT_CONVERSION = YES;
				GCC_WARN_ABOUT_RETURN_TYPE = YES_ERROR;
				GCC_WARN_UNDECLARED_SELECTOR = YES;
				GCC_WARN_UNINITIALIZED_AUTOS = YES_AGGRESSIVE;
				GCC_WARN_UNUSED_FUNCTION = YES;
				GCC_WARN_UNUSED_VARIABLE = YES;
				IPHONEOS_DEPLOYMENT_TARGET = 16.2;
				MTL_ENABLE_DEBUG_INFO = NO;
				MTL_FAST_MATH = YES;
				SDKROOT = iphoneos;
				SWIFT_COMPILATION_MODE = wholemodule;
				SWIFT_OPTIMIZATION_LEVEL = "-O";
				VALIDATE_PRODUCT = YES;
			};
			name = Release;
		};
		C83F7ED52AB0EA33001B14FE /* Debug */ = {
			isa = XCBuildConfiguration;
			buildSettings = {
				ASSETCATALOG_COMPILER_APPICON_NAME = AppIcon;
				ASSETCATALOG_COMPILER_GLOBAL_ACCENT_COLOR_NAME = AccentColor;
				CODE_SIGN_STYLE = Automatic;
				CURRENT_PROJECT_VERSION = 1;
				DEVELOPMENT_ASSET_PATHS = "\"Hotels/Preview Content\"";
				DEVELOPMENT_TEAM = 3ZU3FM55GA;
				ENABLE_PREVIEWS = YES;
				GENERATE_INFOPLIST_FILE = YES;
				INFOPLIST_FILE = Info.plist;
				INFOPLIST_KEY_UIApplicationSceneManifest_Generation = YES;
				INFOPLIST_KEY_UIApplicationSupportsIndirectInputEvents = YES;
				INFOPLIST_KEY_UILaunchScreen_Generation = YES;
				INFOPLIST_KEY_UISupportedInterfaceOrientations_iPad = "UIInterfaceOrientationPortrait UIInterfaceOrientationPortraitUpsideDown UIInterfaceOrientationLandscapeLeft UIInterfaceOrientationLandscapeRight";
				INFOPLIST_KEY_UISupportedInterfaceOrientations_iPhone = "UIInterfaceOrientationPortrait UIInterfaceOrientationLandscapeLeft UIInterfaceOrientationLandscapeRight";
				LD_RUNPATH_SEARCH_PATHS = (
					"$(inherited)",
					"@executable_path/Frameworks",
				);
				MARKETING_VERSION = 1.0;
				PRODUCT_BUNDLE_IDENTIFIER = ru.swiftbook.Hotels;
				PRODUCT_NAME = "$(TARGET_NAME)";
				SUPPORTED_PLATFORMS = "iphoneos iphonesimulator";
				SUPPORTS_MACCATALYST = NO;
				SUPPORTS_MAC_DESIGNED_FOR_IPHONE_IPAD = NO;
				SWIFT_EMIT_LOC_STRINGS = YES;
				SWIFT_VERSION = 5.0;
				TARGETED_DEVICE_FAMILY = 1;
			};
			name = Debug;
		};
		C83F7ED62AB0EA33001B14FE /* Release */ = {
			isa = XCBuildConfiguration;
			buildSettings = {
				ASSETCATALOG_COMPILER_APPICON_NAME = AppIcon;
				ASSETCATALOG_COMPILER_GLOBAL_ACCENT_COLOR_NAME = AccentColor;
				CODE_SIGN_STYLE = Automatic;
				CURRENT_PROJECT_VERSION = 1;
				DEVELOPMENT_ASSET_PATHS = "\"Hotels/Preview Content\"";
				DEVELOPMENT_TEAM = 3ZU3FM55GA;
				ENABLE_PREVIEWS = YES;
				GENERATE_INFOPLIST_FILE = YES;
				INFOPLIST_FILE = Info.plist;
				INFOPLIST_KEY_UIApplicationSceneManifest_Generation = YES;
				INFOPLIST_KEY_UIApplicationSupportsIndirectInputEvents = YES;
				INFOPLIST_KEY_UILaunchScreen_Generation = YES;
				INFOPLIST_KEY_UISupportedInterfaceOrientations_iPad = "UIInterfaceOrientationPortrait UIInterfaceOrientationPortraitUpsideDown UIInterfaceOrientationLandscapeLeft UIInterfaceOrientationLandscapeRight";
				INFOPLIST_KEY_UISupportedInterfaceOrientations_iPhone = "UIInterfaceOrientationPortrait UIInterfaceOrientationLandscapeLeft UIInterfaceOrientationLandscapeRight";
				LD_RUNPATH_SEARCH_PATHS = (
					"$(inherited)",
					"@executable_path/Frameworks",
				);
				MARKETING_VERSION = 1.0;
				PRODUCT_BUNDLE_IDENTIFIER = ru.swiftbook.Hotels;
				PRODUCT_NAME = "$(TARGET_NAME)";
				SUPPORTED_PLATFORMS = "iphoneos iphonesimulator";
				SUPPORTS_MACCATALYST = NO;
				SUPPORTS_MAC_DESIGNED_FOR_IPHONE_IPAD = NO;
				SWIFT_EMIT_LOC_STRINGS = YES;
				SWIFT_VERSION = 5.0;
				TARGETED_DEVICE_FAMILY = 1;
			};
			name = Release;
		};
/* End XCBuildConfiguration section */

/* Begin XCConfigurationList section */
		C83F7EC12AB0EA31001B14FE /* Build configuration list for PBXProject "Hotels" */ = {
			isa = XCConfigurationList;
			buildConfigurations = (
				C83F7ED22AB0EA33001B14FE /* Debug */,
				C83F7ED32AB0EA33001B14FE /* Release */,
			);
			defaultConfigurationIsVisible = 0;
			defaultConfigurationName = Release;
		};
		C83F7ED42AB0EA33001B14FE /* Build configuration list for PBXNativeTarget "Hotels" */ = {
			isa = XCConfigurationList;
			buildConfigurations = (
				C83F7ED52AB0EA33001B14FE /* Debug */,
				C83F7ED62AB0EA33001B14FE /* Release */,
			);
			defaultConfigurationIsVisible = 0;
			defaultConfigurationName = Release;
		};
/* End XCConfigurationList section */
	};
	rootObject = C83F7EBE2AB0EA31001B14FE /* Project object */;
}
