// !$*UTF8*$!
{
	archiveVersion = 1;
	classes = {
	};
	objectVersion = 56;
	objects = {

/* Begin PBXBuildFile section */
		C81227B02AB3269600CFDA55 /* RoomDetail.swift in Sources */ = {isa = PBXBuildFile; fileRef = C81227AF2AB3269600CFDA55 /* RoomDetail.swift */; };
		C81227B42AB4AD6B00CFDA55 /* DescriptionTagView.swift in Sources */ = {isa = PBXBuildFile; fileRef = C81227B32AB4AD6B00CFDA55 /* DescriptionTagView.swift */; };
		C81227B62AB4B82F00CFDA55 /* AddDetailsHotelView.swift in Sources */ = {isa = PBXBuildFile; fileRef = C81227B52AB4B82F00CFDA55 /* AddDetailsHotelView.swift */; };
		C81227B82AB62A4200CFDA55 /* FacilitiesTableView.swift in Sources */ = {isa = PBXBuildFile; fileRef = C81227B72AB62A4200CFDA55 /* FacilitiesTableView.swift */; };
		C81227BA2AB7243800CFDA55 /* RoomCellView.swift in Sources */ = {isa = PBXBuildFile; fileRef = C81227B92AB7243800CFDA55 /* RoomCellView.swift */; };
		C81227BC2AB7338900CFDA55 /* RoomView.swift in Sources */ = {isa = PBXBuildFile; fileRef = C81227BB2AB7338900CFDA55 /* RoomView.swift */; };
		C81227BE2AB737B000CFDA55 /* BookingView.swift in Sources */ = {isa = PBXBuildFile; fileRef = C81227BD2AB737B000CFDA55 /* BookingView.swift */; };
		C81227C02AB7395000CFDA55 /* BookingDetail.swift in Sources */ = {isa = PBXBuildFile; fileRef = C81227BF2AB7395000CFDA55 /* BookingDetail.swift */; };
		C83F7ECA2AB0EA31001B14FE /* HotelsApp.swift in Sources */ = {isa = PBXBuildFile; fileRef = C83F7EC92AB0EA31001B14FE /* HotelsApp.swift */; };
		C83F7ECC2AB0EA31001B14FE /* ContentView.swift in Sources */ = {isa = PBXBuildFile; fileRef = C83F7ECB2AB0EA31001B14FE /* ContentView.swift */; };
		C83F7ECE2AB0EA33001B14FE /* Assets.xcassets in Resources */ = {isa = PBXBuildFile; fileRef = C83F7ECD2AB0EA33001B14FE /* Assets.xcassets */; };
		C83F7ED12AB0EA33001B14FE /* Preview Assets.xcassets in Resources */ = {isa = PBXBuildFile; fileRef = C83F7ED02AB0EA33001B14FE /* Preview Assets.xcassets */; };
		C83F7ED82AB0EA58001B14FE /* HotelDetails.swift in Sources */ = {isa = PBXBuildFile; fileRef = C83F7ED72AB0EA57001B14FE /* HotelDetails.swift */; };
		C83F7EDC2AB1E361001B14FE /* RatingView.swift in Sources */ = {isa = PBXBuildFile; fileRef = C83F7EDB2AB1E361001B14FE /* RatingView.swift */; };
		C847DB6E2AB1F1BB00AC8C22 /* PriceView.swift in Sources */ = {isa = PBXBuildFile; fileRef = C847DB6D2AB1F1BB00AC8C22 /* PriceView.swift */; };
		C847DB722AB1F85A00AC8C22 /* NameAndAddressView.swift in Sources */ = {isa = PBXBuildFile; fileRef = C847DB712AB1F85A00AC8C22 /* NameAndAddressView.swift */; };
		C847DB742AB1FCB600AC8C22 /* ButtonView.swift in Sources */ = {isa = PBXBuildFile; fileRef = C847DB732AB1FCB600AC8C22 /* ButtonView.swift */; };
		C847DB762AB2037200AC8C22 /* ImageCarusel.swift in Sources */ = {isa = PBXBuildFile; fileRef = C847DB752AB2037200AC8C22 /* ImageCarusel.swift */; };
		C847DB782AB207D900AC8C22 /* SuccessfulPaidView.swift in Sources */ = {isa = PBXBuildFile; fileRef = C847DB772AB207D900AC8C22 /* SuccessfulPaidView.swift */; };
/* End PBXBuildFile section */

/* Begin PBXFileReference section */
		C81227AF2AB3269600CFDA55 /* RoomDetail.swift */ = {isa = PBXFileReference; lastKnownFileType = sourcecode.swift; path = RoomDetail.swift; sourceTree = "<group>"; };
		C81227B32AB4AD6B00CFDA55 /* DescriptionTagView.swift */ = {isa = PBXFileReference; lastKnownFileType = sourcecode.swift; path = DescriptionTagView.swift; sourceTree = "<group>"; };
		C81227B52AB4B82F00CFDA55 /* AddDetailsHotelView.swift */ = {isa = PBXFileReference; lastKnownFileType = sourcecode.swift; path = AddDetailsHotelView.swift; sourceTree = "<group>"; };
		C81227B72AB62A4200CFDA55 /* FacilitiesTableView.swift */ = {isa = PBXFileReference; lastKnownFileType = sourcecode.swift; path = FacilitiesTableView.swift; sourceTree = "<group>"; };
		C81227B92AB7243800CFDA55 /* RoomCellView.swift */ = {isa = PBXFileReference; lastKnownFileType = sourcecode.swift; path = RoomCellView.swift; sourceTree = "<group>"; };
		C81227BB2AB7338900CFDA55 /* RoomView.swift */ = {isa = PBXFileReference; lastKnownFileType = sourcecode.swift; path = RoomView.swift; sourceTree = "<group>"; };
		C81227BD2AB737B000CFDA55 /* BookingView.swift */ = {isa = PBXFileReference; lastKnownFileType = sourcecode.swift; path = BookingView.swift; sourceTree = "<group>"; };
		C81227BF2AB7395000CFDA55 /* BookingDetail.swift */ = {isa = PBXFileReference; lastKnownFileType = sourcecode.swift; path = BookingDetail.swift; sourceTree = "<group>"; };
		C83F7EC62AB0EA31001B14FE /* Hotels.app */ = {isa = PBXFileReference; explicitFileType = wrapper.application; includeInIndex = 0; path = Hotels.app; sourceTree = BUILT_PRODUCTS_DIR; };
		C83F7EC92AB0EA31001B14FE /* HotelsApp.swift */ = {isa = PBXFileReference; lastKnownFileType = sourcecode.swift; path = HotelsApp.swift; sourceTree = "<group>"; };
		C83F7ECB2AB0EA31001B14FE /* ContentView.swift */ = {isa = PBXFileReference; lastKnownFileType = sourcecode.swift; path = ContentView.swift; sourceTree = "<group>"; };
		C83F7ECD2AB0EA33001B14FE /* Assets.xcassets */ = {isa = PBXFileReference; lastKnownFileType = folder.assetcatalog; path = Assets.xcassets; sourceTree = "<group>"; };
		C83F7ED02AB0EA33001B14FE /* Preview Assets.xcassets */ = {isa = PBXFileReference; lastKnownFileType = folder.assetcatalog; path = "Preview Assets.xcassets"; sourceTree = "<group>"; };
		C83F7ED72AB0EA57001B14FE /* HotelDetails.swift */ = {isa = PBXFileReference; lastKnownFileType = sourcecode.swift; path = HotelDetails.swift; sourceTree = "<group>"; };
		C83F7EDB2AB1E361001B14FE /* RatingView.swift */ = {isa = PBXFileReference; lastKnownFileType = sourcecode.swift; path = RatingView.swift; sourceTree = "<group>"; };
		C847DB6D2AB1F1BB00AC8C22 /* PriceView.swift */ = {isa = PBXFileReference; lastKnownFileType = sourcecode.swift; path = PriceView.swift; sourceTree = "<group>"; };
		C847DB712AB1F85A00AC8C22 /* NameAndAddressView.swift */ = {isa = PBXFileReference; lastKnownFileType = sourcecode.swift; path = NameAndAddressView.swift; sourceTree = "<group>"; };
		C847DB732AB1FCB600AC8C22 /* ButtonView.swift */ = {isa = PBXFileReference; lastKnownFileType = sourcecode.swift; path = ButtonView.swift; sourceTree = "<group>"; };
		C847DB752AB2037200AC8C22 /* ImageCarusel.swift */ = {isa = PBXFileReference; lastKnownFileType = sourcecode.swift; path = ImageCarusel.swift; sourceTree = "<group>"; };
		C847DB772AB207D900AC8C22 /* SuccessfulPaidView.swift */ = {isa = PBXFileReference; lastKnownFileType = sourcecode.swift; path = SuccessfulPaidView.swift; sourceTree = "<group>"; };
/* End PBXFileReference section */

/* Begin PBXFrameworksBuildPhase section */
		C83F7EC32AB0EA31001B14FE /* Frameworks */ = {
			isa = PBXFrameworksBuildPhase;
			buildActionMask = 2147483647;
			files = (
			);
			runOnlyForDeploymentPostprocessing = 0;
		};
/* End PBXFrameworksBuildPhase section */

/* Begin PBXGroup section */
		C83F7EBD2AB0EA31001B14FE = {
			isa = PBXGroup;
			children = (
				C83F7EC82AB0EA31001B14FE /* Hotels */,
				C83F7EC72AB0EA31001B14FE /* Products */,
			);
			sourceTree = "<group>";
		};
		C83F7EC72AB0EA31001B14FE /* Products */ = {
			isa = PBXGroup;
			children = (
				C83F7EC62AB0EA31001B14FE /* Hotels.app */,
			);
			name = Products;
			sourceTree = "<group>";
		};
		C83F7EC82AB0EA31001B14FE /* Hotels */ = {
			isa = PBXGroup;
			children = (
				C83F7EC92AB0EA31001B14FE /* HotelsApp.swift */,
				C81227BB2AB7338900CFDA55 /* RoomView.swift */,
				C81227BD2AB737B000CFDA55 /* BookingView.swift */,
				C83F7ECB2AB0EA31001B14FE /* ContentView.swift */,
				C847DB772AB207D900AC8C22 /* SuccessfulPaidView.swift */,
				C83F7ECD2AB0EA33001B14FE /* Assets.xcassets */,
				C83F7ECF2AB0EA33001B14FE /* Preview Content */,
				C847DB702AB1F56A00AC8C22 /* Models */,
				C847DB6F2AB1F55900AC8C22 /* Views */,
			);
			path = Hotels;
			sourceTree = "<group>";
		};
		C83F7ECF2AB0EA33001B14FE /* Preview Content */ = {
			isa = PBXGroup;
			children = (
				C83F7ED02AB0EA33001B14FE /* Preview Assets.xcassets */,
			);
			path = "Preview Content";
			sourceTree = "<group>";
		};
		C847DB6F2AB1F55900AC8C22 /* Views */ = {
			isa = PBXGroup;
			children = (
				C81227B92AB7243800CFDA55 /* RoomCellView.swift */,
				C83F7EDB2AB1E361001B14FE /* RatingView.swift */,
				C847DB6D2AB1F1BB00AC8C22 /* PriceView.swift */,
				C847DB712AB1F85A00AC8C22 /* NameAndAddressView.swift */,
				C847DB732AB1FCB600AC8C22 /* ButtonView.swift */,
				C847DB752AB2037200AC8C22 /* ImageCarusel.swift */,
				C81227B32AB4AD6B00CFDA55 /* DescriptionTagView.swift */,
				C81227B72AB62A4200CFDA55 /* FacilitiesTableView.swift */,
				C81227B52AB4B82F00CFDA55 /* AddDetailsHotelView.swift */,
			);
			path = Views;
			sourceTree = "<group>";
		};
		C847DB702AB1F56A00AC8C22 /* Models */ = {
			isa = PBXGroup;
			children = (
				C83F7ED72AB0EA57001B14FE /* HotelDetails.swift */,
				C81227AF2AB3269600CFDA55 /* RoomDetail.swift */,
				C81227BF2AB7395000CFDA55 /* BookingDetail.swift */,
			);
			path = Models;
			sourceTree = "<group>";
		};
/* End PBXGroup section */

/* Begin PBXNativeTarget section */
		C83F7EC52AB0EA31001B14FE /* Hotels */ = {
			isa = PBXNativeTarget;
			buildConfigurationList = C83F7ED42AB0EA33001B14FE /* Build configuration list for PBXNativeTarget "Hotels" */;
			buildPhases = (
				C83F7EC22AB0EA31001B14FE /* Sources */,
				C83F7EC32AB0EA31001B14FE /* Frameworks */,
				C83F7EC42AB0EA31001B14FE /* Resources */,
			);
			buildRules = (
			);
			dependencies = (
			);
			name = Hotels;
			productName = Hotels;
			productReference = C83F7EC62AB0EA31001B14FE /* Hotels.app */;
			productType = "com.apple.product-type.application";
		};
/* End PBXNativeTarget section */

/* Begin PBXProject section */
		C83F7EBE2AB0EA31001B14FE /* Project object */ = {
			isa = PBXProject;
			attributes = {
				BuildIndependentTargetsInParallel = 1;
				LastSwiftUpdateCheck = 1420;
				LastUpgradeCheck = 1420;
				TargetAttributes = {
					C83F7EC52AB0EA31001B14FE = {
						CreatedOnToolsVersion = 14.2;
					};
				};
			};
			buildConfigurationList = C83F7EC12AB0EA31001B14FE /* Build configuration list for PBXProject "Hotels" */;
			compatibilityVersion = "Xcode 14.0";
			developmentRegion = en;
			hasScannedForEncodings = 0;
			knownRegions = (
				en,
				Base,
			);
			mainGroup = C83F7EBD2AB0EA31001B14FE;
			productRefGroup = C83F7EC72AB0EA31001B14FE /* Products */;
			projectDirPath = "";
			projectRoot = "";
			targets = (
				C83F7EC52AB0EA31001B14FE /* Hotels */,
			);
		};
/* End PBXProject section */

/* Begin PBXResourcesBuildPhase section */
		C83F7EC42AB0EA31001B14FE /* Resources */ = {
			isa = PBXResourcesBuildPhase;
			buildActionMask = 2147483647;
			files = (
				C83F7ED12AB0EA33001B14FE /* Preview Assets.xcassets in Resources */,
				C83F7ECE2AB0EA33001B14FE /* Assets.xcassets in Resources */,
			);
			runOnlyForDeploymentPostprocessing = 0;
		};
/* End PBXResourcesBuildPhase section */

/* Begin PBXSourcesBuildPhase section */
		C83F7EC22AB0EA31001B14FE /* Sources */ = {
			isa = PBXSourcesBuildPhase;
			buildActionMask = 2147483647;
			files = (
				C81227BE2AB737B000CFDA55 /* BookingView.swift in Sources */,
				C847DB762AB2037200AC8C22 /* ImageCarusel.swift in Sources */,
				C83F7ED82AB0EA58001B14FE /* HotelDetails.swift in Sources */,
				C83F7ECC2AB0EA31001B14FE /* ContentView.swift in Sources */,
				C847DB742AB1FCB600AC8C22 /* ButtonView.swift in Sources */,
				C847DB6E2AB1F1BB00AC8C22 /* PriceView.swift in Sources */,
				C81227B02AB3269600CFDA55 /* RoomDetail.swift in Sources */,
				C83F7ECA2AB0EA31001B14FE /* HotelsApp.swift in Sources */,
				C847DB722AB1F85A00AC8C22 /* NameAndAddressView.swift in Sources */,
				C81227C02AB7395000CFDA55 /* BookingDetail.swift in Sources */,
				C83F7EDC2AB1E361001B14FE /* RatingView.swift in Sources */,
				C81227B82AB62A4200CFDA55 /* FacilitiesTableView.swift in Sources */,
				C81227B62AB4B82F00CFDA55 /* AddDetailsHotelView.swift in Sources */,
				C81227BA2AB7243800CFDA55 /* RoomCellView.swift in Sources */,
				C81227BC2AB7338900CFDA55 /* RoomView.swift in Sources */,
				C81227B42AB4AD6B00CFDA55 /* DescriptionTagView.swift in Sources */,
				C847DB782AB207D900AC8C22 /* SuccessfulPaidView.swift in Sources */,
			);
			runOnlyForDeploymentPostprocessing = 0;
		};
/* End PBXSourcesBuildPhase section */

/* Begin XCBuildConfiguration section */
		C83F7ED22AB0EA33001B14FE /* Debug */ = {
			isa = XCBuildConfiguration;
			buildSettings = {
				ALWAYS_SEARCH_USER_PATHS = NO;
				CLANG_ANALYZER_NONNULL = YES;
				CLANG_ANALYZER_NUMBER_OBJECT_CONVERSION = YES_AGGRESSIVE;
				CLANG_CXX_LANGUAGE_STANDARD = "gnu++20";
				CLANG_ENABLE_MODULES = YES;
				CLANG_ENABLE_OBJC_ARC = YES;
				CLANG_ENABLE_OBJC_WEAK = YES;
				CLANG_WARN_BLOCK_CAPTURE_AUTORELEASING = YES;
				CLANG_WARN_BOOL_CONVERSION = YES;
				CLANG_WARN_COMMA = YES;
				CLANG_WARN_CONSTANT_CONVERSION = YES;
				CLANG_WARN_DEPRECATED_OBJC_IMPLEMENTATIONS = YES;
				CLANG_WARN_DIRECT_OBJC_ISA_USAGE = YES_ERROR;
				CLANG_WARN_DOCUMENTATION_COMMENTS = YES;
				CLANG_WARN_EMPTY_BODY = YES;
				CLANG_WARN_ENUM_CONVERSION = YES;
				CLANG_WARN_INFINITE_RECURSION = YES;
				CLANG_WARN_INT_CONVERSION = YES;
				CLANG_WARN_NON_LITERAL_NULL_CONVERSION = YES;
				CLANG_WARN_OBJC_IMPLICIT_RETAIN_SELF = YES;
				CLANG_WARN_OBJC_LITERAL_CONVERSION = YES;
				CLANG_WARN_OBJC_ROOT_CLASS = YES_ERROR;
				CLANG_WARN_QUOTED_INCLUDE_IN_FRAMEWORK_HEADER = YES;
				CLANG_WARN_RANGE_LOOP_ANALYSIS = YES;
				CLANG_WARN_STRICT_PROTOTYPES = YES;
				CLANG_WARN_SUSPICIOUS_MOVE = YES;
				CLANG_WARN_UNGUARDED_AVAILABILITY = YES_AGGRESSIVE;
				CLANG_WARN_UNREACHABLE_CODE = YES;
				CLANG_WARN__DUPLICATE_METHOD_MATCH = YES;
				COPY_PHASE_STRIP = NO;
				DEBUG_INFORMATION_FORMAT = dwarf;
				ENABLE_STRICT_OBJC_MSGSEND = YES;
				ENABLE_TESTABILITY = YES;
				GCC_C_LANGUAGE_STANDARD = gnu11;
				GCC_DYNAMIC_NO_PIC = NO;
				GCC_NO_COMMON_BLOCKS = YES;
				GCC_OPTIMIZATION_LEVEL = 0;
				GCC_PREPROCESSOR_DEFINITIONS = (
					"DEBUG=1",
					"$(inherited)",
				);
				GCC_WARN_64_TO_32_BIT_CONVERSION = YES;
				GCC_WARN_ABOUT_RETURN_TYPE = YES_ERROR;
				GCC_WARN_UNDECLARED_SELECTOR = YES;
				GCC_WARN_UNINITIALIZED_AUTOS = YES_AGGRESSIVE;
				GCC_WARN_UNUSED_FUNCTION = YES;
				GCC_WARN_UNUSED_VARIABLE = YES;
				IPHONEOS_DEPLOYMENT_TARGET = 16.2;
				MTL_ENABLE_DEBUG_INFO = INCLUDE_SOURCE;
				MTL_FAST_MATH = YES;
				ONLY_ACTIVE_ARCH = YES;
				SDKROOT = iphoneos;
				SWIFT_ACTIVE_COMPILATION_CONDITIONS = DEBUG;
				SWIFT_OPTIMIZATION_LEVEL = "-Onone";
			};
			name = Debug;
		};
		C83F7ED32AB0EA33001B14FE /* Release */ = {
			isa = XCBuildConfiguration;
			buildSettings = {
				ALWAYS_SEARCH_USER_PATHS = NO;
				CLANG_ANALYZER_NONNULL = YES;
				CLANG_ANALYZER_NUMBER_OBJECT_CONVERSION = YES_AGGRESSIVE;
				CLANG_CXX_LANGUAGE_STANDARD = "gnu++20";
				CLANG_ENABLE_MODULES = YES;
				CLANG_ENABLE_OBJC_ARC = YES;
				CLANG_ENABLE_OBJC_WEAK = YES;
				CLANG_WARN_BLOCK_CAPTURE_AUTORELEASING = YES;
				CLANG_WARN_BOOL_CONVERSION = YES;
				CLANG_WARN_COMMA = YES;
				CLANG_WARN_CONSTANT_CONVERSION = YES;
				CLANG_WARN_DEPRECATED_OBJC_IMPLEMENTATIONS = YES;
				CLANG_WARN_DIRECT_OBJC_ISA_USAGE = YES_ERROR;
				CLANG_WARN_DOCUMENTATION_COMMENTS = YES;
				CLANG_WARN_EMPTY_BODY = YES;
				CLANG_WARN_ENUM_CONVERSION = YES;
				CLANG_WARN_INFINITE_RECURSION = YES;
				CLANG_WARN_INT_CONVERSION = YES;
				CLANG_WARN_NON_LITERAL_NULL_CONVERSION = YES;
				CLANG_WARN_OBJC_IMPLICIT_RETAIN_SELF = YES;
				CLANG_WARN_OBJC_LITERAL_CONVERSION = YES;
				CLANG_WARN_OBJC_ROOT_CLASS = YES_ERROR;
				CLANG_WARN_QUOTED_INCLUDE_IN_FRAMEWORK_HEADER = YES;
				CLANG_WARN_RANGE_LOOP_ANALYSIS = YES;
				CLANG_WARN_STRICT_PROTOTYPES = YES;
				CLANG_WARN_SUSPICIOUS_MOVE = YES;
				CLANG_WARN_UNGUARDED_AVAILABILITY = YES_AGGRESSIVE;
				CLANG_WARN_UNREACHABLE_CODE = YES;
				CLANG_WARN__DUPLICATE_METHOD_MATCH = YES;
				COPY_PHASE_STRIP = NO;
				DEBUG_INFORMATION_FORMAT = "dwarf-with-dsym";
				ENABLE_NS_ASSERTIONS = NO;
				ENABLE_STRICT_OBJC_MSGSEND = YES;
				GCC_C_LANGUAGE_STANDARD = gnu11;
				GCC_NO_COMMON_BLOCKS = YES;
				GCC_WARN_64_TO_32_BIT_CONVERSION = YES;
				GCC_WARN_ABOUT_RETURN_TYPE = YES_ERROR;
				GCC_WARN_UNDECLARED_SELECTOR = YES;
				GCC_WARN_UNINITIALIZED_AUTOS = YES_AGGRESSIVE;
				GCC_WARN_UNUSED_FUNCTION = YES;
				GCC_WARN_UNUSED_VARIABLE = YES;
				IPHONEOS_DEPLOYMENT_TARGET = 16.2;
				MTL_ENABLE_DEBUG_INFO = NO;
				MTL_FAST_MATH = YES;
				SDKROOT = iphoneos;
				SWIFT_COMPILATION_MODE = wholemodule;
				SWIFT_OPTIMIZATION_LEVEL = "-O";
				VALIDATE_PRODUCT = YES;
			};
			name = Release;
		};
		C83F7ED52AB0EA33001B14FE /* Debug */ = {
			isa = XCBuildConfiguration;
			buildSettings = {
				ASSETCATALOG_COMPILER_APPICON_NAME = AppIcon;
				ASSETCATALOG_COMPILER_GLOBAL_ACCENT_COLOR_NAME = AccentColor;
				CODE_SIGN_STYLE = Automatic;
				CURRENT_PROJECT_VERSION = 1;
				DEVELOPMENT_ASSET_PATHS = "\"Hotels/Preview Content\"";
				DEVELOPMENT_TEAM = 3ZU3FM55GA;
				ENABLE_PREVIEWS = YES;
				GENERATE_INFOPLIST_FILE = YES;
				INFOPLIST_KEY_UIApplicationSceneManifest_Generation = YES;
				INFOPLIST_KEY_UIApplicationSupportsIndirectInputEvents = YES;
				INFOPLIST_KEY_UILaunchScreen_Generation = YES;
				INFOPLIST_KEY_UISupportedInterfaceOrientations_iPad = "UIInterfaceOrientationPortrait UIInterfaceOrientationPortraitUpsideDown UIInterfaceOrientationLandscapeLeft UIInterfaceOrientationLandscapeRight";
				INFOPLIST_KEY_UISupportedInterfaceOrientations_iPhone = "UIInterfaceOrientationPortrait UIInterfaceOrientationLandscapeLeft UIInterfaceOrientationLandscapeRight";
				LD_RUNPATH_SEARCH_PATHS = (
					"$(inherited)",
					"@executable_path/Frameworks",
				);
				MARKETING_VERSION = 1.0;
				PRODUCT_BUNDLE_IDENTIFIER = ru.swiftbook.Hotels;
				PRODUCT_NAME = "$(TARGET_NAME)";
				SWIFT_EMIT_LOC_STRINGS = YES;
				SWIFT_VERSION = 5.0;
				TARGETED_DEVICE_FAMILY = "1,2";
			};
			name = Debug;
		};
		C83F7ED62AB0EA33001B14FE /* Release */ = {
			isa = XCBuildConfiguration;
			buildSettings = {
				ASSETCATALOG_COMPILER_APPICON_NAME = AppIcon;
				ASSETCATALOG_COMPILER_GLOBAL_ACCENT_COLOR_NAME = AccentColor;
				CODE_SIGN_STYLE = Automatic;
				CURRENT_PROJECT_VERSION = 1;
				DEVELOPMENT_ASSET_PATHS = "\"Hotels/Preview Content\"";
				DEVELOPMENT_TEAM = 3ZU3FM55GA;
				ENABLE_PREVIEWS = YES;
				GENERATE_INFOPLIST_FILE = YES;
				INFOPLIST_KEY_UIApplicationSceneManifest_Generation = YES;
				INFOPLIST_KEY_UIApplicationSupportsIndirectInputEvents = YES;
				INFOPLIST_KEY_UILaunchScreen_Generation = YES;
				INFOPLIST_KEY_UISupportedInterfaceOrientations_iPad = "UIInterfaceOrientationPortrait UIInterfaceOrientationPortraitUpsideDown UIInterfaceOrientationLandscapeLeft UIInterfaceOrientationLandscapeRight";
				INFOPLIST_KEY_UISupportedInterfaceOrientations_iPhone = "UIInterfaceOrientationPortrait UIInterfaceOrientationLandscapeLeft UIInterfaceOrientationLandscapeRight";
				LD_RUNPATH_SEARCH_PATHS = (
					"$(inherited)",
					"@executable_path/Frameworks",
				);
				MARKETING_VERSION = 1.0;
				PRODUCT_BUNDLE_IDENTIFIER = ru.swiftbook.Hotels;
				PRODUCT_NAME = "$(TARGET_NAME)";
				SWIFT_EMIT_LOC_STRINGS = YES;
				SWIFT_VERSION = 5.0;
				TARGETED_DEVICE_FAMILY = "1,2";
			};
			name = Release;
		};
/* End XCBuildConfiguration section */

/* Begin XCConfigurationList section */
		C83F7EC12AB0EA31001B14FE /* Build configuration list for PBXProject "Hotels" */ = {
			isa = XCConfigurationList;
			buildConfigurations = (
				C83F7ED22AB0EA33001B14FE /* Debug */,
				C83F7ED32AB0EA33001B14FE /* Release */,
			);
			defaultConfigurationIsVisible = 0;
			defaultConfigurationName = Release;
		};
		C83F7ED42AB0EA33001B14FE /* Build configuration list for PBXNativeTarget "Hotels" */ = {
			isa = XCConfigurationList;
			buildConfigurations = (
				C83F7ED52AB0EA33001B14FE /* Debug */,
				C83F7ED62AB0EA33001B14FE /* Release */,
			);
			defaultConfigurationIsVisible = 0;
			defaultConfigurationName = Release;
		};
/* End XCConfigurationList section */
	};
	rootObject = C83F7EBE2AB0EA31001B14FE /* Project object */;
}
